
Microsoft Visual Studio Solution File, Format Version 12.00
# Visual Studio Version 16
VisualStudioVersion = 16.0.32510.428
MinimumVisualStudioVersion = 10.0.40219.1
Project("{FAE04EC0-301F-11D3-BF4B-00C04F79EFBC}") = "JenkinsWithGit", "JenkinsWithGit\JenkinsWithGit.csproj", "{47B9AB19-AE22-4637-8E9B-2586F035308C}"
EndProject
Global
	GlobalSection(SolutionConfigurationPlatforms) = preSolution
		Debug|Any CPU = Debug|Any CPU
		Release|Any CPU = Release|Any CPU
	EndGlobalSection
	GlobalSection(ProjectConfigurationPlatforms) = postSolution
		{47B9AB19-AE22-4637-8E9B-2586F035308C}.Debug|Any CPU.ActiveCfg = Debug|Any CPU
		{47B9AB19-AE22-4637-8E9B-2586F035308C}.Debug|Any CPU.Build.0 = Debug|Any CPU
		{47B9AB19-AE22-4637-8E9B-2586F035308C}.Release|Any CPU.ActiveCfg = Release|Any CPU
		{47B9AB19-AE22-4637-8E9B-2586F035308C}.Release|Any CPU.Build.0 = Release|Any CPU
	EndGlobalSection
	GlobalSection(SolutionProperties) = preSolution
		HideSolutionNode = FALSE
	EndGlobalSection
	GlobalSection(ExtensibilityGlobals) = postSolution
		SolutionGuid = {7E3347DF-F959-4D5C-B12A-DFA439655435}
	EndGlobalSection
EndGlobal
